
Microsoft Visual Studio Solution File, Format Version 12.00
# Visual Studio 15
VisualStudioVersion = 15.0.27004.2005
MinimumVisualStudioVersion = 10.0.40219.1
Project("{FAE04EC0-301F-11D3-BF4B-00C04F79EFBC}") = "BtcBot", "BtcBot\BtcBot.csproj", "{92872B5B-29A3-4087-84FC-2CD46EDC1C16}"
EndProject
Project("{FAE04EC0-301F-11D3-BF4B-00C04F79EFBC}") = "BtcBot.Models", "BtcBot.Models\BtcBot.Models.csproj", "{4B7581B8-8328-4B0E-A8B3-7439DCFCA45B}"
EndProject
Project("{FAE04EC0-301F-11D3-BF4B-00C04F79EFBC}") = "BtcBot.Services", "BtcBot.Services\BtcBot.Services.csproj", "{7FCA7C7B-3D0C-4E4A-A6C1-7DCB102DFC50}"
EndProject
Project("{FAE04EC0-301F-11D3-BF4B-00C04F79EFBC}") = "BtcBot.Contracts", "BtcBot.Contracts\BtcBot.Contracts.csproj", "{901E4C08-E5F5-4FB2-832A-2717DE58FAE3}"
EndProject
Project("{FAE04EC0-301F-11D3-BF4B-00C04F79EFBC}") = "BtcBot.Core", "BtcBot.Core\BtcBot.Core.csproj", "{4B953229-788F-4D14-B624-83930DAD7C1E}"
EndProject
Project("{2150E333-8FDC-42A3-9474-1A3956D46DE8}") = "BtcBot.Adapters", "BtcBot.Adapters", "{2F096476-F12E-4711-9C01-1B5C6B8A4697}"
EndProject
Project("{FAE04EC0-301F-11D3-BF4B-00C04F79EFBC}") = "BtcBot.Adapters.Cexio", "BtcBot.Adapters.Cexio\BtcBot.Adapters.Cexio.csproj", "{25AD0D5C-B6AF-4967-B341-176FB78C35D0}"
EndProject
Project("{FAE04EC0-301F-11D3-BF4B-00C04F79EFBC}") = "BtcBot.Adapters.BaseAdapter", "BtcBot.Adapters.BaseAdapter\BtcBot.Adapters.BaseAdapter.csproj", "{98461A62-9F5F-4AE9-8681-A29A4A0991B9}"
EndProject
Global
	GlobalSection(SolutionConfigurationPlatforms) = preSolution
		Debug|Any CPU = Debug|Any CPU
		Release|Any CPU = Release|Any CPU
	EndGlobalSection
	GlobalSection(ProjectConfigurationPlatforms) = postSolution
		{92872B5B-29A3-4087-84FC-2CD46EDC1C16}.Debug|Any CPU.ActiveCfg = Debug|Any CPU
		{92872B5B-29A3-4087-84FC-2CD46EDC1C16}.Debug|Any CPU.Build.0 = Debug|Any CPU
		{92872B5B-29A3-4087-84FC-2CD46EDC1C16}.Release|Any CPU.ActiveCfg = Release|Any CPU
		{92872B5B-29A3-4087-84FC-2CD46EDC1C16}.Release|Any CPU.Build.0 = Release|Any CPU
		{4B7581B8-8328-4B0E-A8B3-7439DCFCA45B}.Debug|Any CPU.ActiveCfg = Debug|Any CPU
		{4B7581B8-8328-4B0E-A8B3-7439DCFCA45B}.Debug|Any CPU.Build.0 = Debug|Any CPU
		{4B7581B8-8328-4B0E-A8B3-7439DCFCA45B}.Release|Any CPU.ActiveCfg = Release|Any CPU
		{4B7581B8-8328-4B0E-A8B3-7439DCFCA45B}.Release|Any CPU.Build.0 = Release|Any CPU
		{7FCA7C7B-3D0C-4E4A-A6C1-7DCB102DFC50}.Debug|Any CPU.ActiveCfg = Debug|Any CPU
		{7FCA7C7B-3D0C-4E4A-A6C1-7DCB102DFC50}.Debug|Any CPU.Build.0 = Debug|Any CPU
		{7FCA7C7B-3D0C-4E4A-A6C1-7DCB102DFC50}.Release|Any CPU.ActiveCfg = Release|Any CPU
		{7FCA7C7B-3D0C-4E4A-A6C1-7DCB102DFC50}.Release|Any CPU.Build.0 = Release|Any CPU
		{901E4C08-E5F5-4FB2-832A-2717DE58FAE3}.Debug|Any CPU.ActiveCfg = Debug|Any CPU
		{901E4C08-E5F5-4FB2-832A-2717DE58FAE3}.Debug|Any CPU.Build.0 = Debug|Any CPU
		{901E4C08-E5F5-4FB2-832A-2717DE58FAE3}.Release|Any CPU.ActiveCfg = Release|Any CPU
		{901E4C08-E5F5-4FB2-832A-2717DE58FAE3}.Release|Any CPU.Build.0 = Release|Any CPU
		{4B953229-788F-4D14-B624-83930DAD7C1E}.Debug|Any CPU.ActiveCfg = Debug|Any CPU
		{4B953229-788F-4D14-B624-83930DAD7C1E}.Debug|Any CPU.Build.0 = Debug|Any CPU
		{4B953229-788F-4D14-B624-83930DAD7C1E}.Release|Any CPU.ActiveCfg = Release|Any CPU
		{4B953229-788F-4D14-B624-83930DAD7C1E}.Release|Any CPU.Build.0 = Release|Any CPU
		{25AD0D5C-B6AF-4967-B341-176FB78C35D0}.Debug|Any CPU.ActiveCfg = Debug|Any CPU
		{25AD0D5C-B6AF-4967-B341-176FB78C35D0}.Debug|Any CPU.Build.0 = Debug|Any CPU
		{25AD0D5C-B6AF-4967-B341-176FB78C35D0}.Release|Any CPU.ActiveCfg = Release|Any CPU
		{25AD0D5C-B6AF-4967-B341-176FB78C35D0}.Release|Any CPU.Build.0 = Release|Any CPU
		{98461A62-9F5F-4AE9-8681-A29A4A0991B9}.Debug|Any CPU.ActiveCfg = Debug|Any CPU
		{98461A62-9F5F-4AE9-8681-A29A4A0991B9}.Debug|Any CPU.Build.0 = Debug|Any CPU
		{98461A62-9F5F-4AE9-8681-A29A4A0991B9}.Release|Any CPU.ActiveCfg = Release|Any CPU
		{98461A62-9F5F-4AE9-8681-A29A4A0991B9}.Release|Any CPU.Build.0 = Release|Any CPU
	EndGlobalSection
	GlobalSection(SolutionProperties) = preSolution
		HideSolutionNode = FALSE
	EndGlobalSection
	GlobalSection(NestedProjects) = preSolution
		{25AD0D5C-B6AF-4967-B341-176FB78C35D0} = {2F096476-F12E-4711-9C01-1B5C6B8A4697}
		{98461A62-9F5F-4AE9-8681-A29A4A0991B9} = {2F096476-F12E-4711-9C01-1B5C6B8A4697}
	EndGlobalSection
	GlobalSection(ExtensibilityGlobals) = postSolution
		SolutionGuid = {BEF727C4-8F37-41E0-9DD4-7AE8054C2EEF}
	EndGlobalSection
EndGlobal
